
Microsoft Visual Studio Solution File, Format Version 12.00
# Visual Studio Version 17
VisualStudioVersion = 17.5.002.0
MinimumVisualStudioVersion = 10.0.40219.1
Project("{2150E333-8FDC-42A3-9474-1A3956D46DE8}") = "Chapter01-vscode", "Chapter01-vscode", "{EA99BA6E-61DA-42BD-801D-D8245E311E4A}"
EndProject
Project("{9A19103F-16F7-4668-BE54-9A1E7A4F7556}") = "HelloCS", "Chapter01-vscode\HelloCS\HelloCS.csproj", "{60659483-EA64-4862-AA18-36921E021DB4}"
EndProject
Project("{FAE04EC0-301F-11D3-BF4B-00C04F79EFBC}") = "AboutMyEnvironment", "Chapter01-vscode\AboutMyEnvironment\AboutMyEnvironment.csproj", "{BFAE1A81-075F-4171-8CB4-53A657A09019}"
EndProject
Project("{2150E333-8FDC-42A3-9474-1A3956D46DE8}") = "Chapter02", "Chapter02", "{1FF1F0D3-6A49-449A-B863-C2527BB4DB66}"
EndProject
Project("{FAE04EC0-301F-11D3-BF4B-00C04F79EFBC}") = "Vocabulary", "Chapter02\Vocabulary\Vocabulary.csproj", "{794C939D-93B5-49C9-9F5F-A1A0504B7095}"
EndProject
Project("{FAE04EC0-301F-11D3-BF4B-00C04F79EFBC}") = "Numbers", "Chapter02\Numbers\Numbers.csproj", "{313A13A5-5E88-450F-B694-920C5FFBE459}"
EndProject
Project("{2150E333-8FDC-42A3-9474-1A3956D46DE8}") = "Chapter10", "Chapter10", "{CC682EDA-4E4B-4E6E-BCAB-9A66B7B12B98}"
EndProject
Project("{FAE04EC0-301F-11D3-BF4B-00C04F79EFBC}") = "WorkingWithEFCore", "Chapter10\WorkingWithEFCore\WorkingWithEFCore.csproj", "{E296C65B-31A1-40D4-8877-BB67989831EB}"
EndProject
Project("{2150E333-8FDC-42A3-9474-1A3956D46DE8}") = "Chapter05", "Chapter05", "{4ABB9575-8163-44B7-BC1A-06CB414BCAD7}"
EndProject
Project("{FAE04EC0-301F-11D3-BF4B-00C04F79EFBC}") = "PacktLibrary", "Chapter05\PacktLibrary\PacktLibrary.csproj", "{386530BF-F50E-4758-BB4D-A9472B68B7D5}"
EndProject
Project("{2150E333-8FDC-42A3-9474-1A3956D46DE8}") = "Chapter04", "Chapter04", "{8EADB1B9-224B-47CD-99E0-B473C956D3FA}"
EndProject
Project("{FAE04EC0-301F-11D3-BF4B-00C04F79EFBC}") = "WritingFunctions", "Chapter04\WritingFunctions\WritingFunctions.csproj", "{0591EF65-F602-401D-805B-2E2EEFD4BF1A}"
EndProject
Global
	GlobalSection(SolutionConfigurationPlatforms) = preSolution
		Debug|Any CPU = Debug|Any CPU
		Release|Any CPU = Release|Any CPU
	EndGlobalSection
	GlobalSection(ProjectConfigurationPlatforms) = postSolution
		{F1AED869-2DD6-4A97-81CA-2B91F70261AF}.Debug|Any CPU.ActiveCfg = Debug|Any CPU
		{F1AED869-2DD6-4A97-81CA-2B91F70261AF}.Debug|Any CPU.Build.0 = Debug|Any CPU
		{F1AED869-2DD6-4A97-81CA-2B91F70261AF}.Release|Any CPU.ActiveCfg = Release|Any CPU
		{F1AED869-2DD6-4A97-81CA-2B91F70261AF}.Release|Any CPU.Build.0 = Release|Any CPU
		{60659483-EA64-4862-AA18-36921E021DB4}.Debug|Any CPU.ActiveCfg = Debug|Any CPU
		{60659483-EA64-4862-AA18-36921E021DB4}.Debug|Any CPU.Build.0 = Debug|Any CPU
		{60659483-EA64-4862-AA18-36921E021DB4}.Release|Any CPU.ActiveCfg = Release|Any CPU
		{60659483-EA64-4862-AA18-36921E021DB4}.Release|Any CPU.Build.0 = Release|Any CPU
		{BFAE1A81-075F-4171-8CB4-53A657A09019}.Debug|Any CPU.ActiveCfg = Debug|Any CPU
		{BFAE1A81-075F-4171-8CB4-53A657A09019}.Debug|Any CPU.Build.0 = Debug|Any CPU
		{BFAE1A81-075F-4171-8CB4-53A657A09019}.Release|Any CPU.ActiveCfg = Release|Any CPU
		{BFAE1A81-075F-4171-8CB4-53A657A09019}.Release|Any CPU.Build.0 = Release|Any CPU
		{794C939D-93B5-49C9-9F5F-A1A0504B7095}.Debug|Any CPU.ActiveCfg = Debug|Any CPU
		{794C939D-93B5-49C9-9F5F-A1A0504B7095}.Debug|Any CPU.Build.0 = Debug|Any CPU
		{794C939D-93B5-49C9-9F5F-A1A0504B7095}.Release|Any CPU.ActiveCfg = Release|Any CPU
		{794C939D-93B5-49C9-9F5F-A1A0504B7095}.Release|Any CPU.Build.0 = Release|Any CPU
		{313A13A5-5E88-450F-B694-920C5FFBE459}.Debug|Any CPU.ActiveCfg = Debug|Any CPU
		{313A13A5-5E88-450F-B694-920C5FFBE459}.Debug|Any CPU.Build.0 = Debug|Any CPU
		{313A13A5-5E88-450F-B694-920C5FFBE459}.Release|Any CPU.ActiveCfg = Release|Any CPU
		{313A13A5-5E88-450F-B694-920C5FFBE459}.Release|Any CPU.Build.0 = Release|Any CPU
		{E296C65B-31A1-40D4-8877-BB67989831EB}.Debug|Any CPU.ActiveCfg = Debug|Any CPU
		{E296C65B-31A1-40D4-8877-BB67989831EB}.Debug|Any CPU.Build.0 = Debug|Any CPU
		{E296C65B-31A1-40D4-8877-BB67989831EB}.Release|Any CPU.ActiveCfg = Release|Any CPU
		{E296C65B-31A1-40D4-8877-BB67989831EB}.Release|Any CPU.Build.0 = Release|Any CPU
		{386530BF-F50E-4758-BB4D-A9472B68B7D5}.Debug|Any CPU.ActiveCfg = Debug|Any CPU
		{386530BF-F50E-4758-BB4D-A9472B68B7D5}.Debug|Any CPU.Build.0 = Debug|Any CPU
		{386530BF-F50E-4758-BB4D-A9472B68B7D5}.Release|Any CPU.ActiveCfg = Release|Any CPU
		{386530BF-F50E-4758-BB4D-A9472B68B7D5}.Release|Any CPU.Build.0 = Release|Any CPU
		{0591EF65-F602-401D-805B-2E2EEFD4BF1A}.Debug|Any CPU.ActiveCfg = Debug|Any CPU
		{0591EF65-F602-401D-805B-2E2EEFD4BF1A}.Debug|Any CPU.Build.0 = Debug|Any CPU
		{0591EF65-F602-401D-805B-2E2EEFD4BF1A}.Release|Any CPU.ActiveCfg = Release|Any CPU
		{0591EF65-F602-401D-805B-2E2EEFD4BF1A}.Release|Any CPU.Build.0 = Release|Any CPU
	EndGlobalSection
	GlobalSection(SolutionProperties) = preSolution
		HideSolutionNode = FALSE
	EndGlobalSection
	GlobalSection(NestedProjects) = preSolution
		{60659483-EA64-4862-AA18-36921E021DB4} = {EA99BA6E-61DA-42BD-801D-D8245E311E4A}
		{BFAE1A81-075F-4171-8CB4-53A657A09019} = {EA99BA6E-61DA-42BD-801D-D8245E311E4A}
		{794C939D-93B5-49C9-9F5F-A1A0504B7095} = {1FF1F0D3-6A49-449A-B863-C2527BB4DB66}
		{313A13A5-5E88-450F-B694-920C5FFBE459} = {1FF1F0D3-6A49-449A-B863-C2527BB4DB66}
		{E296C65B-31A1-40D4-8877-BB67989831EB} = {CC682EDA-4E4B-4E6E-BCAB-9A66B7B12B98}
		{386530BF-F50E-4758-BB4D-A9472B68B7D5} = {4ABB9575-8163-44B7-BC1A-06CB414BCAD7}
		{0591EF65-F602-401D-805B-2E2EEFD4BF1A} = {8EADB1B9-224B-47CD-99E0-B473C956D3FA}
	EndGlobalSection
	GlobalSection(ExtensibilityGlobals) = postSolution
		SolutionGuid = {7975DF0C-231C-426C-8E23-B2FE1E8D5C99}
	EndGlobalSection
EndGlobal
